
Microsoft Visual Studio Solution File, Format Version 12.00
# Visual Studio Version 16
VisualStudioVersion = 16.0.31313.79
MinimumVisualStudioVersion = 10.0.40219.1
Project("{FAE04EC0-301F-11D3-BF4B-00C04F79EFBC}") = "UIAutomateFramework", "UIAutomateFramework\UIAutomateFramework.csproj", "{05CEEF53-1743-464B-865D-741B18AB4A61}"
EndProject
Global
	GlobalSection(SolutionConfigurationPlatforms) = preSolution
		Debug|Any CPU = Debug|Any CPU
		Release|Any CPU = Release|Any CPU
	EndGlobalSection
	GlobalSection(ProjectConfigurationPlatforms) = postSolution
		{05CEEF53-1743-464B-865D-741B18AB4A61}.Debug|Any CPU.ActiveCfg = Debug|Any CPU
		{05CEEF53-1743-464B-865D-741B18AB4A61}.Debug|Any CPU.Build.0 = Debug|Any CPU
		{05CEEF53-1743-464B-865D-741B18AB4A61}.Release|Any CPU.ActiveCfg = Release|Any CPU
		{05CEEF53-1743-464B-865D-741B18AB4A61}.Release|Any CPU.Build.0 = Release|Any CPU
	EndGlobalSection
	GlobalSection(SolutionProperties) = preSolution
		HideSolutionNode = FALSE
	EndGlobalSection
	GlobalSection(ExtensibilityGlobals) = postSolution
		SolutionGuid = {28AA69F4-7AD7-4634-B2E5-90C35EB1F1E9}
	EndGlobalSection
EndGlobal
